
Microsoft Visual Studio Solution File, Format Version 12.00
# Visual Studio 15
VisualStudioVersion = 15.0.28307.489
MinimumVisualStudioVersion = 10.0.40219.1
Project("{F184B08F-C81C-45F6-A57F-5ABD9991F28F}") = "WindowsApp1", "WindowsApp1\WindowsApp1.vbproj", "{5B243850-F4AB-4927-A94C-6BC96B43F367}"
EndProject
Global
	GlobalSection(SolutionConfigurationPlatforms) = preSolution
		Debug|Any CPU = Debug|Any CPU
		Release|Any CPU = Release|Any CPU
	EndGlobalSection
	GlobalSection(ProjectConfigurationPlatforms) = postSolution
		{5B243850-F4AB-4927-A94C-6BC96B43F367}.Debug|Any CPU.ActiveCfg = Debug|Any CPU
		{5B243850-F4AB-4927-A94C-6BC96B43F367}.Debug|Any CPU.Build.0 = Debug|Any CPU
		{5B243850-F4AB-4927-A94C-6BC96B43F367}.Release|Any CPU.ActiveCfg = Release|Any CPU
		{5B243850-F4AB-4927-A94C-6BC96B43F367}.Release|Any CPU.Build.0 = Release|Any CPU
	EndGlobalSection
	GlobalSection(SolutionProperties) = preSolution
		HideSolutionNode = FALSE
	EndGlobalSection
	GlobalSection(ExtensibilityGlobals) = postSolution
		SolutionGuid = {8B74FF34-49B4-4B83-8F95-EA449827BDF4}
	EndGlobalSection
EndGlobal
